// !$*UTF8*$!
{
	archiveVersion = 1;
	classes = {
	};
	objectVersion = 50;
	objects = {

/* Begin PBXBuildFile section */
		37FE684A22BCCCDC00E6325B /* AppDelegate.swift in Sources */ = {isa = PBXBuildFile; fileRef = 37FE684922BCCCDC00E6325B /* AppDelegate.swift */; };
		37FE684C22BCCCDC00E6325B /* ViewController.swift in Sources */ = {isa = PBXBuildFile; fileRef = 37FE684B22BCCCDC00E6325B /* ViewController.swift */; };
		37FE684F22BCCCDC00E6325B /* Main.storyboard in Resources */ = {isa = PBXBuildFile; fileRef = 37FE684D22BCCCDC00E6325B /* Main.storyboard */; };
		37FE685122BCCCDD00E6325B /* Assets.xcassets in Resources */ = {isa = PBXBuildFile; fileRef = 37FE685022BCCCDD00E6325B /* Assets.xcassets */; };
		37FE685422BCCCDD00E6325B /* LaunchScreen.storyboard in Resources */ = {isa = PBXBuildFile; fileRef = 37FE685222BCCCDD00E6325B /* LaunchScreen.storyboard */; };
		37FE685F22BCCCDD00E6325B /* firstAppTests.swift in Sources */ = {isa = PBXBuildFile; fileRef = 37FE685E22BCCCDD00E6325B /* firstAppTests.swift */; };
		37FE686A22BCCCDD00E6325B /* firstAppUITests.swift in Sources */ = {isa = PBXBuildFile; fileRef = 37FE686922BCCCDD00E6325B /* firstAppUITests.swift */; };
/* End PBXBuildFile section */

/* Begin PBXContainerItemProxy section */
		37FE685B22BCCCDD00E6325B /* PBXContainerItemProxy */ = {
			isa = PBXContainerItemProxy;
			containerPortal = 37FE683E22BCCCDB00E6325B /* Project object */;
			proxyType = 1;
			remoteGlobalIDString = 37FE684522BCCCDB00E6325B;
			remoteInfo = firstApp;
		};
		37FE686622BCCCDD00E6325B /* PBXContainerItemProxy */ = {
			isa = PBXContainerItemProxy;
			containerPortal = 37FE683E22BCCCDB00E6325B /* Project object */;
			proxyType = 1;
			remoteGlobalIDString = 37FE684522BCCCDB00E6325B;
			remoteInfo = firstApp;
		};
/* End PBXContainerItemProxy section */

/* Begin PBXFileReference section */
		37FE684622BCCCDC00E6325B /* firstApp.app */ = {isa = PBXFileReference; explicitFileType = wrapper.application; includeInIndex = 0; path = firstApp.app; sourceTree = BUILT_PRODUCTS_DIR; };
		37FE684922BCCCDC00E6325B /* AppDelegate.swift */ = {isa = PBXFileReference; lastKnownFileType = sourcecode.swift; path = AppDelegate.swift; sourceTree = "<group>"; };
		37FE684B22BCCCDC00E6325B /* ViewController.swift */ = {isa = PBXFileReference; lastKnownFileType = sourcecode.swift; path = ViewController.swift; sourceTree = "<group>"; };
		37FE684E22BCCCDC00E6325B /* Base */ = {isa = PBXFileReference; lastKnownFileType = file.storyboard; name = Base; path = Base.lproj/Main.storyboard; sourceTree = "<group>"; };
		37FE685022BCCCDD00E6325B /* Assets.xcassets */ = {isa = PBXFileReference; lastKnownFileType = folder.assetcatalog; path = Assets.xcassets; sourceTree = "<group>"; };
		37FE685322BCCCDD00E6325B /* Base */ = {isa = PBXFileReference; lastKnownFileType = file.storyboard; name = Base; path = Base.lproj/LaunchScreen.storyboard; sourceTree = "<group>"; };
		37FE685522BCCCDD00E6325B /* Info.plist */ = {isa = PBXFileReference; lastKnownFileType = text.plist.xml; path = Info.plist; sourceTree = "<group>"; };
		37FE685A22BCCCDD00E6325B /* firstAppTests.xctest */ = {isa = PBXFileReference; explicitFileType = wrapper.cfbundle; includeInIndex = 0; path = firstAppTests.xctest; sourceTree = BUILT_PRODUCTS_DIR; };
		37FE685E22BCCCDD00E6325B /* firstAppTests.swift */ = {isa = PBXFileReference; lastKnownFileType = sourcecode.swift; path = firstAppTests.swift; sourceTree = "<group>"; };
		37FE686022BCCCDD00E6325B /* Info.plist */ = {isa = PBXFileReference; lastKnownFileType = text.plist.xml; path = Info.plist; sourceTree = "<group>"; };
		37FE686522BCCCDD00E6325B /* firstAppUITests.xctest */ = {isa = PBXFileReference; explicitFileType = wrapper.cfbundle; includeInIndex = 0; path = firstAppUITests.xctest; sourceTree = BUILT_PRODUCTS_DIR; };
		37FE686922BCCCDD00E6325B /* firstAppUITests.swift */ = {isa = PBXFileReference; lastKnownFileType = sourcecode.swift; path = firstAppUITests.swift; sourceTree = "<group>"; };
		37FE686B22BCCCDD00E6325B /* Info.plist */ = {isa = PBXFileReference; lastKnownFileType = text.plist.xml; path = Info.plist; sourceTree = "<group>"; };
/* End PBXFileReference section */

/* Begin PBXFrameworksBuildPhase section */
		37FE684322BCCCDB00E6325B /* Frameworks */ = {
			isa = PBXFrameworksBuildPhase;
			buildActionMask = 2147483647;
			files = (
			);
			runOnlyForDeploymentPostprocessing = 0;
		};
		37FE685722BCCCDD00E6325B /* Frameworks */ = {
			isa = PBXFrameworksBuildPhase;
			buildActionMask = 2147483647;
			files = (
			);
			runOnlyForDeploymentPostprocessing = 0;
		};
		37FE686222BCCCDD00E6325B /* Frameworks */ = {
			isa = PBXFrameworksBuildPhase;
			buildActionMask = 2147483647;
			files = (
			);
			runOnlyForDeploymentPostprocessing = 0;
		};
/* End PBXFrameworksBuildPhase section */

/* Begin PBXGroup section */
		37FE683D22BCCCDB00E6325B = {
			isa = PBXGroup;
			children = (
				37FE684822BCCCDC00E6325B /* firstApp */,
				37FE685D22BCCCDD00E6325B /* firstAppTests */,
				37FE686822BCCCDD00E6325B /* firstAppUITests */,
				37FE684722BCCCDC00E6325B /* Products */,
			);
			sourceTree = "<group>";
		};
		37FE684722BCCCDC00E6325B /* Products */ = {
			isa = PBXGroup;
			children = (
				37FE684622BCCCDC00E6325B /* firstApp.app */,
				37FE685A22BCCCDD00E6325B /* firstAppTests.xctest */,
				37FE686522BCCCDD00E6325B /* firstAppUITests.xctest */,
			);
			name = Products;
			sourceTree = "<group>";
		};
		37FE684822BCCCDC00E6325B /* firstApp */ = {
			isa = PBXGroup;
			children = (
				37FE684922BCCCDC00E6325B /* AppDelegate.swift */,
				37FE684B22BCCCDC00E6325B /* ViewController.swift */,
				37FE684D22BCCCDC00E6325B /* Main.storyboard */,
				37FE685022BCCCDD00E6325B /* Assets.xcassets */,
				37FE685222BCCCDD00E6325B /* LaunchScreen.storyboard */,
				37FE685522BCCCDD00E6325B /* Info.plist */,
			);
			path = firstApp;
			sourceTree = "<group>";
		};
		37FE685D22BCCCDD00E6325B /* firstAppTests */ = {
			isa = PBXGroup;
			children = (
				37FE685E22BCCCDD00E6325B /* firstAppTests.swift */,
				37FE686022BCCCDD00E6325B /* Info.plist */,
			);
			path = firstAppTests;
			sourceTree = "<group>";
		};
		37FE686822BCCCDD00E6325B /* firstAppUITests */ = {
			isa = PBXGroup;
			children = (
				37FE686922BCCCDD00E6325B /* firstAppUITests.swift */,
				37FE686B22BCCCDD00E6325B /* Info.plist */,
			);
			path = firstAppUITests;
			sourceTree = "<group>";
		};
/* End PBXGroup section */

/* Begin PBXNativeTarget section */
		37FE684522BCCCDB00E6325B /* firstApp */ = {
			isa = PBXNativeTarget;
			buildConfigurationList = 37FE686E22BCCCDD00E6325B /* Build configuration list for PBXNativeTarget "firstApp" */;
			buildPhases = (
				37FE684222BCCCDB00E6325B /* Sources */,
				37FE684322BCCCDB00E6325B /* Frameworks */,
				37FE684422BCCCDB00E6325B /* Resources */,
			);
			buildRules = (
			);
			dependencies = (
			);
			name = firstApp;
			productName = firstApp;
			productReference = 37FE684622BCCCDC00E6325B /* firstApp.app */;
			productType = "com.apple.product-type.application";
		};
		37FE685922BCCCDD00E6325B /* firstAppTests */ = {
			isa = PBXNativeTarget;
			buildConfigurationList = 37FE687122BCCCDD00E6325B /* Build configuration list for PBXNativeTarget "firstAppTests" */;
			buildPhases = (
				37FE685622BCCCDD00E6325B /* Sources */,
				37FE685722BCCCDD00E6325B /* Frameworks */,
				37FE685822BCCCDD00E6325B /* Resources */,
			);
			buildRules = (
			);
			dependencies = (
				37FE685C22BCCCDD00E6325B /* PBXTargetDependency */,
			);
			name = firstAppTests;
			productName = firstAppTests;
			productReference = 37FE685A22BCCCDD00E6325B /* firstAppTests.xctest */;
			productType = "com.apple.product-type.bundle.unit-test";
		};
		37FE686422BCCCDD00E6325B /* firstAppUITests */ = {
			isa = PBXNativeTarget;
			buildConfigurationList = 37FE687422BCCCDD00E6325B /* Build configuration list for PBXNativeTarget "firstAppUITests" */;
			buildPhases = (
				37FE686122BCCCDD00E6325B /* Sources */,
				37FE686222BCCCDD00E6325B /* Frameworks */,
				37FE686322BCCCDD00E6325B /* Resources */,
			);
			buildRules = (
			);
			dependencies = (
				37FE686722BCCCDD00E6325B /* PBXTargetDependency */,
			);
			name = firstAppUITests;
			productName = firstAppUITests;
			productReference = 37FE686522BCCCDD00E6325B /* firstAppUITests.xctest */;
			productType = "com.apple.product-type.bundle.ui-testing";
		};
/* End PBXNativeTarget section */

/* Begin PBXProject section */
		37FE683E22BCCCDB00E6325B /* Project object */ = {
			isa = PBXProject;
			attributes = {
				LastSwiftUpdateCheck = 1020;
				LastUpgradeCheck = 1020;
				ORGANIZATIONNAME = Nico;
				TargetAttributes = {
					37FE684522BCCCDB00E6325B = {
						CreatedOnToolsVersion = 10.2.1;
					};
					37FE685922BCCCDD00E6325B = {
						CreatedOnToolsVersion = 10.2.1;
						TestTargetID = 37FE684522BCCCDB00E6325B;
					};
					37FE686422BCCCDD00E6325B = {
						CreatedOnToolsVersion = 10.2.1;
						TestTargetID = 37FE684522BCCCDB00E6325B;
					};
				};
			};
			buildConfigurationList = 37FE684122BCCCDB00E6325B /* Build configuration list for PBXProject "firstApp" */;
			compatibilityVersion = "Xcode 9.3";
			developmentRegion = en;
			hasScannedForEncodings = 0;
			knownRegions = (
				en,
				Base,
			);
			mainGroup = 37FE683D22BCCCDB00E6325B;
			productRefGroup = 37FE684722BCCCDC00E6325B /* Products */;
			projectDirPath = "";
			projectRoot = "";
			targets = (
				37FE684522BCCCDB00E6325B /* firstApp */,
				37FE685922BCCCDD00E6325B /* firstAppTests */,
				37FE686422BCCCDD00E6325B /* firstAppUITests */,
			);
		};
/* End PBXProject section */

/* Begin PBXResourcesBuildPhase section */
		37FE684422BCCCDB00E6325B /* Resources */ = {
			isa = PBXResourcesBuildPhase;
			buildActionMask = 2147483647;
			files = (
				37FE685422BCCCDD00E6325B /* LaunchScreen.storyboard in Resources */,
				37FE685122BCCCDD00E6325B /* Assets.xcassets in Resources */,
				37FE684F22BCCCDC00E6325B /* Main.storyboard in Resources */,
			);
			runOnlyForDeploymentPostprocessing = 0;
		};
		37FE685822BCCCDD00E6325B /* Resources */ = {
			isa = PBXResourcesBuildPhase;
			buildActionMask = 2147483647;
			files = (
			);
			runOnlyForDeploymentPostprocessing = 0;
		};
		37FE686322BCCCDD00E6325B /* Resources */ = {
			isa = PBXResourcesBuildPhase;
			buildActionMask = 2147483647;
			files = (
			);
			runOnlyForDeploymentPostprocessing = 0;
		};
/* End PBXResourcesBuildPhase section */

/* Begin PBXSourcesBuildPhase section */
		37FE684222BCCCDB00E6325B /* Sources */ = {
			isa = PBXSourcesBuildPhase;
			buildActionMask = 2147483647;
			files = (
				37FE684C22BCCCDC00E6325B /* ViewController.swift in Sources */,
				37FE684A22BCCCDC00E6325B /* AppDelegate.swift in Sources */,
			);
			runOnlyForDeploymentPostprocessing = 0;
		};
		37FE685622BCCCDD00E6325B /* Sources */ = {
			isa = PBXSourcesBuildPhase;
			buildActionMask = 2147483647;
			files = (
				37FE685F22BCCCDD00E6325B /* firstAppTests.swift in Sources */,
			);
			runOnlyForDeploymentPostprocessing = 0;
		};
		37FE686122BCCCDD00E6325B /* Sources */ = {
			isa = PBXSourcesBuildPhase;
			buildActionMask = 2147483647;
			files = (
				37FE686A22BCCCDD00E6325B /* firstAppUITests.swift in Sources */,
			);
			runOnlyForDeploymentPostprocessing = 0;
		};
/* End PBXSourcesBuildPhase section */

/* Begin PBXTargetDependency section */
		37FE685C22BCCCDD00E6325B /* PBXTargetDependency */ = {
			isa = PBXTargetDependency;
			target = 37FE684522BCCCDB00E6325B /* firstApp */;
			targetProxy = 37FE685B22BCCCDD00E6325B /* PBXContainerItemProxy */;
		};
		37FE686722BCCCDD00E6325B /* PBXTargetDependency */ = {
			isa = PBXTargetDependency;
			target = 37FE684522BCCCDB00E6325B /* firstApp */;
			targetProxy = 37FE686622BCCCDD00E6325B /* PBXContainerItemProxy */;
		};
/* End PBXTargetDependency section */

/* Begin PBXVariantGroup section */
		37FE684D22BCCCDC00E6325B /* Main.storyboard */ = {
			isa = PBXVariantGroup;
			children = (
				37FE684E22BCCCDC00E6325B /* Base */,
			);
			name = Main.storyboard;
			sourceTree = "<group>";
		};
		37FE685222BCCCDD00E6325B /* LaunchScreen.storyboard */ = {
			isa = PBXVariantGroup;
			children = (
				37FE685322BCCCDD00E6325B /* Base */,
			);
			name = LaunchScreen.storyboard;
			sourceTree = "<group>";
		};
/* End PBXVariantGroup section */

/* Begin XCBuildConfiguration section */
		37FE686C22BCCCDD00E6325B /* Debug */ = {
			isa = XCBuildConfiguration;
			buildSettings = {
				ALWAYS_SEARCH_USER_PATHS = NO;
				CLANG_ANALYZER_NONNULL = YES;
				CLANG_ANALYZER_NUMBER_OBJECT_CONVERSION = YES_AGGRESSIVE;
				CLANG_CXX_LANGUAGE_STANDARD = "gnu++14";
				CLANG_CXX_LIBRARY = "libc++";
				CLANG_ENABLE_MODULES = YES;
				CLANG_ENABLE_OBJC_ARC = YES;
				CLANG_ENABLE_OBJC_WEAK = YES;
				CLANG_WARN_BLOCK_CAPTURE_AUTORELEASING = YES;
				CLANG_WARN_BOOL_CONVERSION = YES;
				CLANG_WARN_COMMA = YES;
				CLANG_WARN_CONSTANT_CONVERSION = YES;
				CLANG_WARN_DEPRECATED_OBJC_IMPLEMENTATIONS = YES;
				CLANG_WARN_DIRECT_OBJC_ISA_USAGE = YES_ERROR;
				CLANG_WARN_DOCUMENTATION_COMMENTS = YES;
				CLANG_WARN_EMPTY_BODY = YES;
				CLANG_WARN_ENUM_CONVERSION = YES;
				CLANG_WARN_INFINITE_RECURSION = YES;
				CLANG_WARN_INT_CONVERSION = YES;
				CLANG_WARN_NON_LITERAL_NULL_CONVERSION = YES;
				CLANG_WARN_OBJC_IMPLICIT_RETAIN_SELF = YES;
				CLANG_WARN_OBJC_LITERAL_CONVERSION = YES;
				CLANG_WARN_OBJC_ROOT_CLASS = YES_ERROR;
				CLANG_WARN_RANGE_LOOP_ANALYSIS = YES;
				CLANG_WARN_STRICT_PROTOTYPES = YES;
				CLANG_WARN_SUSPICIOUS_MOVE = YES;
				CLANG_WARN_UNGUARDED_AVAILABILITY = YES_AGGRESSIVE;
				CLANG_WARN_UNREACHABLE_CODE = YES;
				CLANG_WARN__DUPLICATE_METHOD_MATCH = YES;
				CODE_SIGN_IDENTITY = "iPhone Developer";
				COPY_PHASE_STRIP = NO;
				DEBUG_INFORMATION_FORMAT = dwarf;
				ENABLE_STRICT_OBJC_MSGSEND = YES;
				ENABLE_TESTABILITY = YES;
				GCC_C_LANGUAGE_STANDARD = gnu11;
				GCC_DYNAMIC_NO_PIC = NO;
				GCC_NO_COMMON_BLOCKS = YES;
				GCC_OPTIMIZATION_LEVEL = 0;
				GCC_PREPROCESSOR_DEFINITIONS = (
					"DEBUG=1",
					"$(inherited)",
				);
				GCC_WARN_64_TO_32_BIT_CONVERSION = YES;
				GCC_WARN_ABOUT_RETURN_TYPE = YES_ERROR;
				GCC_WARN_UNDECLARED_SELECTOR = YES;
				GCC_WARN_UNINITIALIZED_AUTOS = YES_AGGRESSIVE;
				GCC_WARN_UNUSED_FUNCTION = YES;
				GCC_WARN_UNUSED_VARIABLE = YES;
				IPHONEOS_DEPLOYMENT_TARGET = 12.2;
				MTL_ENABLE_DEBUG_INFO = INCLUDE_SOURCE;
				MTL_FAST_MATH = YES;
				ONLY_ACTIVE_ARCH = YES;
				SDKROOT = iphoneos;
				SWIFT_ACTIVE_COMPILATION_CONDITIONS = DEBUG;
				SWIFT_OPTIMIZATION_LEVEL = "-Onone";
			};
			name = Debug;
		};
		37FE686D22BCCCDD00E6325B /* Release */ = {
			isa = XCBuildConfiguration;
			buildSettings = {
				ALWAYS_SEARCH_USER_PATHS = NO;
				CLANG_ANALYZER_NONNULL = YES;
				CLANG_ANALYZER_NUMBER_OBJECT_CONVERSION = YES_AGGRESSIVE;
				CLANG_CXX_LANGUAGE_STANDARD = "gnu++14";
				CLANG_CXX_LIBRARY = "libc++";
				CLANG_ENABLE_MODULES = YES;
				CLANG_ENABLE_OBJC_ARC = YES;
				CLANG_ENABLE_OBJC_WEAK = YES;
				CLANG_WARN_BLOCK_CAPTURE_AUTORELEASING = YES;
				CLANG_WARN_BOOL_CONVERSION = YES;
				CLANG_WARN_COMMA = YES;
				CLANG_WARN_CONSTANT_CONVERSION = YES;
				CLANG_WARN_DEPRECATED_OBJC_IMPLEMENTATIONS = YES;
				CLANG_WARN_DIRECT_OBJC_ISA_USAGE = YES_ERROR;
				CLANG_WARN_DOCUMENTATION_COMMENTS = YES;
				CLANG_WARN_EMPTY_BODY = YES;
				CLANG_WARN_ENUM_CONVERSION = YES;
				CLANG_WARN_INFINITE_RECURSION = YES;
				CLANG_WARN_INT_CONVERSION = YES;
				CLANG_WARN_NON_LITERAL_NULL_CONVERSION = YES;
				CLANG_WARN_OBJC_IMPLICIT_RETAIN_SELF = YES;
				CLANG_WARN_OBJC_LITERAL_CONVERSION = YES;
				CLANG_WARN_OBJC_ROOT_CLASS = YES_ERROR;
				CLANG_WARN_RANGE_LOOP_ANALYSIS = YES;
				CLANG_WARN_STRICT_PROTOTYPES = YES;
				CLANG_WARN_SUSPICIOUS_MOVE = YES;
				CLANG_WARN_UNGUARDED_AVAILABILITY = YES_AGGRESSIVE;
				CLANG_WARN_UNREACHABLE_CODE = YES;
				CLANG_WARN__DUPLICATE_METHOD_MATCH = YES;
				CODE_SIGN_IDENTITY = "iPhone Developer";
				COPY_PHASE_STRIP = NO;
				DEBUG_INFORMATION_FORMAT = "dwarf-with-dsym";
				ENABLE_NS_ASSERTIONS = NO;
				ENABLE_STRICT_OBJC_MSGSEND = YES;
				GCC_C_LANGUAGE_STANDARD = gnu11;
				GCC_NO_COMMON_BLOCKS = YES;
				GCC_WARN_64_TO_32_BIT_CONVERSION = YES;
				GCC_WARN_ABOUT_RETURN_TYPE = YES_ERROR;
				GCC_WARN_UNDECLARED_SELECTOR = YES;
				GCC_WARN_UNINITIALIZED_AUTOS = YES_AGGRESSIVE;
				GCC_WARN_UNUSED_FUNCTION = YES;
				GCC_WARN_UNUSED_VARIABLE = YES;
				IPHONEOS_DEPLOYMENT_TARGET = 12.2;
				MTL_ENABLE_DEBUG_INFO = NO;
				MTL_FAST_MATH = YES;
				SDKROOT = iphoneos;
				SWIFT_COMPILATION_MODE = wholemodule;
				SWIFT_OPTIMIZATION_LEVEL = "-O";
				VALIDATE_PRODUCT = YES;
			};
			name = Release;
		};
		37FE686F22BCCCDD00E6325B /* Debug */ = {
			isa = XCBuildConfiguration;
			buildSettings = {
				ASSETCATALOG_COMPILER_APPICON_NAME = AppIcon;
				CODE_SIGN_STYLE = Automatic;
				INFOPLIST_FILE = firstApp/Info.plist;
				LD_RUNPATH_SEARCH_PATHS = (
					"$(inherited)",
					"@executable_path/Frameworks",
				);
				PRODUCT_BUNDLE_IDENTIFIER = com.ares.firstApp;
				PRODUCT_NAME = "$(TARGET_NAME)";
				SWIFT_VERSION = 5.0;
				TARGETED_DEVICE_FAMILY = "1,2";
			};
			name = Debug;
		};
		37FE687022BCCCDD00E6325B /* Release */ = {
			isa = XCBuildConfiguration;
			buildSettings = {
				ASSETCATALOG_COMPILER_APPICON_NAME = AppIcon;
				CODE_SIGN_STYLE = Automatic;
				INFOPLIST_FILE = firstApp/Info.plist;
				LD_RUNPATH_SEARCH_PATHS = (
					"$(inherited)",
					"@executable_path/Frameworks",
				);
				PRODUCT_BUNDLE_IDENTIFIER = com.ares.firstApp;
				PRODUCT_NAME = "$(TARGET_NAME)";
				SWIFT_VERSION = 5.0;
				TARGETED_DEVICE_FAMILY = "1,2";
			};
			name = Release;
		};
		37FE687222BCCCDD00E6325B /* Debug */ = {
			isa = XCBuildConfiguration;
			buildSettings = {
				ALWAYS_EMBED_SWIFT_STANDARD_LIBRARIES = YES;
				BUNDLE_LOADER = "$(TEST_HOST)";
				CODE_SIGN_STYLE = Automatic;
				INFOPLIST_FILE = firstAppTests/Info.plist;
				LD_RUNPATH_SEARCH_PATHS = (
					"$(inherited)",
					"@executable_path/Frameworks",
					"@loader_path/Frameworks",
				);
				PRODUCT_BUNDLE_IDENTIFIER = com.ares.firstAppTests;
				PRODUCT_NAME = "$(TARGET_NAME)";
				SWIFT_VERSION = 5.0;
				TARGETED_DEVICE_FAMILY = "1,2";
				TEST_HOST = "$(BUILT_PRODUCTS_DIR)/firstApp.app/firstApp";
			};
			name = Debug;
		};
		37FE687322BCCCDD00E6325B /* Release */ = {
			isa = XCBuildConfiguration;
			buildSettings = {
				ALWAYS_EMBED_SWIFT_STANDARD_LIBRARIES = YES;
				BUNDLE_LOADER = "$(TEST_HOST)";
				CODE_SIGN_STYLE = Automatic;
				INFOPLIST_FILE = firstAppTests/Info.plist;
				LD_RUNPATH_SEARCH_PATHS = (
					"$(inherited)",
					"@executable_path/Frameworks",
					"@loader_path/Frameworks",
				);
				PRODUCT_BUNDLE_IDENTIFIER = com.ares.firstAppTests;
				PRODUCT_NAME = "$(TARGET_NAME)";
				SWIFT_VERSION = 5.0;
				TARGETED_DEVICE_FAMILY = "1,2";
				TEST_HOST = "$(BUILT_PRODUCTS_DIR)/firstApp.app/firstApp";
			};
			name = Release;
		};
		37FE687522BCCCDD00E6325B /* Debug */ = {
			isa = XCBuildConfiguration;
			buildSettings = {
				ALWAYS_EMBED_SWIFT_STANDARD_LIBRARIES = YES;
				CODE_SIGN_STYLE = Automatic;
				INFOPLIST_FILE = firstAppUITests/Info.plist;
				LD_RUNPATH_SEARCH_PATHS = (
					"$(inherited)",
					"@executable_path/Frameworks",
					"@loader_path/Frameworks",
				);
				PRODUCT_BUNDLE_IDENTIFIER = com.ares.firstAppUITests;
				PRODUCT_NAME = "$(TARGET_NAME)";
				SWIFT_VERSION = 5.0;
				TARGETED_DEVICE_FAMILY = "1,2";
				TEST_TARGET_NAME = firstApp;
			};
			name = Debug;
		};
		37FE687622BCCCDD00E6325B /* Release */ = {
			isa = XCBuildConfiguration;
			buildSettings = {
				ALWAYS_EMBED_SWIFT_STANDARD_LIBRARIES = YES;
				CODE_SIGN_STYLE = Automatic;
				INFOPLIST_FILE = firstAppUITests/Info.plist;
				LD_RUNPATH_SEARCH_PATHS = (
					"$(inherited)",
					"@executable_path/Frameworks",
					"@loader_path/Frameworks",
				);
				PRODUCT_BUNDLE_IDENTIFIER = com.ares.firstAppUITests;
				PRODUCT_NAME = "$(TARGET_NAME)";
				SWIFT_VERSION = 5.0;
				TARGETED_DEVICE_FAMILY = "1,2";
				TEST_TARGET_NAME = firstApp;
			};
			name = Release;
		};
/* End XCBuildConfiguration section */

/* Begin XCConfigurationList section */
		37FE684122BCCCDB00E6325B /* Build configuration list for PBXProject "firstApp" */ = {
			isa = XCConfigurationList;
			buildConfigurations = (
				37FE686C22BCCCDD00E6325B /* Debug */,
				37FE686D22BCCCDD00E6325B /* Release */,
			);
			defaultConfigurationIsVisible = 0;
			defaultConfigurationName = Release;
		};
		37FE686E22BCCCDD00E6325B /* Build configuration list for PBXNativeTarget "firstApp" */ = {
			isa = XCConfigurationList;
			buildConfigurations = (
				37FE686F22BCCCDD00E6325B /* Debug */,
				37FE687022BCCCDD00E6325B /* Release */,
			);
			defaultConfigurationIsVisible = 0;
			defaultConfigurationName = Release;
		};
		37FE687122BCCCDD00E6325B /* Build configuration list for PBXNativeTarget "firstAppTests" */ = {
			isa = XCConfigurationList;
			buildConfigurations = (
				37FE687222BCCCDD00E6325B /* Debug */,
				37FE687322BCCCDD00E6325B /* Release */,
			);
			defaultConfigurationIsVisible = 0;
			defaultConfigurationName = Release;
		};
		37FE687422BCCCDD00E6325B /* Build configuration list for PBXNativeTarget "firstAppUITests" */ = {
			isa = XCConfigurationList;
			buildConfigurations = (
				37FE687522BCCCDD00E6325B /* Debug */,
				37FE687622BCCCDD00E6325B /* Release */,
			);
			defaultConfigurationIsVisible = 0;
			defaultConfigurationName = Release;
		};
/* End XCConfigurationList section */
	};
	rootObject = 37FE683E22BCCCDB00E6325B /* Project object */;
}
