// !$*UTF8*$!
{
	archiveVersion = 1;
	classes = {
	};
	objectVersion = 50;
	objects = {

/* Begin PBXBuildFile section */
		37417F7422C3A891007C3B8C /* AppDelegate.swift in Sources */ = {isa = PBXBuildFile; fileRef = 37417F7322C3A891007C3B8C /* AppDelegate.swift */; };
		37417F7622C3A891007C3B8C /* ViewController.swift in Sources */ = {isa = PBXBuildFile; fileRef = 37417F7522C3A891007C3B8C /* ViewController.swift */; };
		37417F7922C3A891007C3B8C /* Main.storyboard in Resources */ = {isa = PBXBuildFile; fileRef = 37417F7722C3A891007C3B8C /* Main.storyboard */; };
		37417F7B22C3A892007C3B8C /* Assets.xcassets in Resources */ = {isa = PBXBuildFile; fileRef = 37417F7A22C3A892007C3B8C /* Assets.xcassets */; };
		37417F7E22C3A892007C3B8C /* LaunchScreen.storyboard in Resources */ = {isa = PBXBuildFile; fileRef = 37417F7C22C3A892007C3B8C /* LaunchScreen.storyboard */; };
		37417F8922C3A892007C3B8C /* imageTests.swift in Sources */ = {isa = PBXBuildFile; fileRef = 37417F8822C3A892007C3B8C /* imageTests.swift */; };
		37417F9422C3A892007C3B8C /* imageUITests.swift in Sources */ = {isa = PBXBuildFile; fileRef = 37417F9322C3A892007C3B8C /* imageUITests.swift */; };
/* End PBXBuildFile section */

/* Begin PBXContainerItemProxy section */
		37417F8522C3A892007C3B8C /* PBXContainerItemProxy */ = {
			isa = PBXContainerItemProxy;
			containerPortal = 37417F6822C3A891007C3B8C /* Project object */;
			proxyType = 1;
			remoteGlobalIDString = 37417F6F22C3A891007C3B8C;
			remoteInfo = image;
		};
		37417F9022C3A892007C3B8C /* PBXContainerItemProxy */ = {
			isa = PBXContainerItemProxy;
			containerPortal = 37417F6822C3A891007C3B8C /* Project object */;
			proxyType = 1;
			remoteGlobalIDString = 37417F6F22C3A891007C3B8C;
			remoteInfo = image;
		};
/* End PBXContainerItemProxy section */

/* Begin PBXFileReference section */
		37417F7022C3A891007C3B8C /* image.app */ = {isa = PBXFileReference; explicitFileType = wrapper.application; includeInIndex = 0; path = image.app; sourceTree = BUILT_PRODUCTS_DIR; };
		37417F7322C3A891007C3B8C /* AppDelegate.swift */ = {isa = PBXFileReference; lastKnownFileType = sourcecode.swift; path = AppDelegate.swift; sourceTree = "<group>"; };
		37417F7522C3A891007C3B8C /* ViewController.swift */ = {isa = PBXFileReference; lastKnownFileType = sourcecode.swift; path = ViewController.swift; sourceTree = "<group>"; };
		37417F7822C3A891007C3B8C /* Base */ = {isa = PBXFileReference; lastKnownFileType = file.storyboard; name = Base; path = Base.lproj/Main.storyboard; sourceTree = "<group>"; };
		37417F7A22C3A892007C3B8C /* Assets.xcassets */ = {isa = PBXFileReference; lastKnownFileType = folder.assetcatalog; path = Assets.xcassets; sourceTree = "<group>"; };
		37417F7D22C3A892007C3B8C /* Base */ = {isa = PBXFileReference; lastKnownFileType = file.storyboard; name = Base; path = Base.lproj/LaunchScreen.storyboard; sourceTree = "<group>"; };
		37417F7F22C3A892007C3B8C /* Info.plist */ = {isa = PBXFileReference; lastKnownFileType = text.plist.xml; path = Info.plist; sourceTree = "<group>"; };
		37417F8422C3A892007C3B8C /* imageTests.xctest */ = {isa = PBXFileReference; explicitFileType = wrapper.cfbundle; includeInIndex = 0; path = imageTests.xctest; sourceTree = BUILT_PRODUCTS_DIR; };
		37417F8822C3A892007C3B8C /* imageTests.swift */ = {isa = PBXFileReference; lastKnownFileType = sourcecode.swift; path = imageTests.swift; sourceTree = "<group>"; };
		37417F8A22C3A892007C3B8C /* Info.plist */ = {isa = PBXFileReference; lastKnownFileType = text.plist.xml; path = Info.plist; sourceTree = "<group>"; };
		37417F8F22C3A892007C3B8C /* imageUITests.xctest */ = {isa = PBXFileReference; explicitFileType = wrapper.cfbundle; includeInIndex = 0; path = imageUITests.xctest; sourceTree = BUILT_PRODUCTS_DIR; };
		37417F9322C3A892007C3B8C /* imageUITests.swift */ = {isa = PBXFileReference; lastKnownFileType = sourcecode.swift; path = imageUITests.swift; sourceTree = "<group>"; };
		37417F9522C3A892007C3B8C /* Info.plist */ = {isa = PBXFileReference; lastKnownFileType = text.plist.xml; path = Info.plist; sourceTree = "<group>"; };
/* End PBXFileReference section */

/* Begin PBXFrameworksBuildPhase section */
		37417F6D22C3A891007C3B8C /* Frameworks */ = {
			isa = PBXFrameworksBuildPhase;
			buildActionMask = 2147483647;
			files = (
			);
			runOnlyForDeploymentPostprocessing = 0;
		};
		37417F8122C3A892007C3B8C /* Frameworks */ = {
			isa = PBXFrameworksBuildPhase;
			buildActionMask = 2147483647;
			files = (
			);
			runOnlyForDeploymentPostprocessing = 0;
		};
		37417F8C22C3A892007C3B8C /* Frameworks */ = {
			isa = PBXFrameworksBuildPhase;
			buildActionMask = 2147483647;
			files = (
			);
			runOnlyForDeploymentPostprocessing = 0;
		};
/* End PBXFrameworksBuildPhase section */

/* Begin PBXGroup section */
		37417F6722C3A891007C3B8C = {
			isa = PBXGroup;
			children = (
				37417F7222C3A891007C3B8C /* image */,
				37417F8722C3A892007C3B8C /* imageTests */,
				37417F9222C3A892007C3B8C /* imageUITests */,
				37417F7122C3A891007C3B8C /* Products */,
			);
			sourceTree = "<group>";
		};
		37417F7122C3A891007C3B8C /* Products */ = {
			isa = PBXGroup;
			children = (
				37417F7022C3A891007C3B8C /* image.app */,
				37417F8422C3A892007C3B8C /* imageTests.xctest */,
				37417F8F22C3A892007C3B8C /* imageUITests.xctest */,
			);
			name = Products;
			sourceTree = "<group>";
		};
		37417F7222C3A891007C3B8C /* image */ = {
			isa = PBXGroup;
			children = (
				37417F7322C3A891007C3B8C /* AppDelegate.swift */,
				37417F7522C3A891007C3B8C /* ViewController.swift */,
				37417F7722C3A891007C3B8C /* Main.storyboard */,
				37417F7A22C3A892007C3B8C /* Assets.xcassets */,
				37417F7C22C3A892007C3B8C /* LaunchScreen.storyboard */,
				37417F7F22C3A892007C3B8C /* Info.plist */,
			);
			path = image;
			sourceTree = "<group>";
		};
		37417F8722C3A892007C3B8C /* imageTests */ = {
			isa = PBXGroup;
			children = (
				37417F8822C3A892007C3B8C /* imageTests.swift */,
				37417F8A22C3A892007C3B8C /* Info.plist */,
			);
			path = imageTests;
			sourceTree = "<group>";
		};
		37417F9222C3A892007C3B8C /* imageUITests */ = {
			isa = PBXGroup;
			children = (
				37417F9322C3A892007C3B8C /* imageUITests.swift */,
				37417F9522C3A892007C3B8C /* Info.plist */,
			);
			path = imageUITests;
			sourceTree = "<group>";
		};
/* End PBXGroup section */

/* Begin PBXNativeTarget section */
		37417F6F22C3A891007C3B8C /* image */ = {
			isa = PBXNativeTarget;
			buildConfigurationList = 37417F9822C3A892007C3B8C /* Build configuration list for PBXNativeTarget "image" */;
			buildPhases = (
				37417F6C22C3A891007C3B8C /* Sources */,
				37417F6D22C3A891007C3B8C /* Frameworks */,
				37417F6E22C3A891007C3B8C /* Resources */,
			);
			buildRules = (
			);
			dependencies = (
			);
			name = image;
			productName = image;
			productReference = 37417F7022C3A891007C3B8C /* image.app */;
			productType = "com.apple.product-type.application";
		};
		37417F8322C3A892007C3B8C /* imageTests */ = {
			isa = PBXNativeTarget;
			buildConfigurationList = 37417F9B22C3A892007C3B8C /* Build configuration list for PBXNativeTarget "imageTests" */;
			buildPhases = (
				37417F8022C3A892007C3B8C /* Sources */,
				37417F8122C3A892007C3B8C /* Frameworks */,
				37417F8222C3A892007C3B8C /* Resources */,
			);
			buildRules = (
			);
			dependencies = (
				37417F8622C3A892007C3B8C /* PBXTargetDependency */,
			);
			name = imageTests;
			productName = imageTests;
			productReference = 37417F8422C3A892007C3B8C /* imageTests.xctest */;
			productType = "com.apple.product-type.bundle.unit-test";
		};
		37417F8E22C3A892007C3B8C /* imageUITests */ = {
			isa = PBXNativeTarget;
			buildConfigurationList = 37417F9E22C3A892007C3B8C /* Build configuration list for PBXNativeTarget "imageUITests" */;
			buildPhases = (
				37417F8B22C3A892007C3B8C /* Sources */,
				37417F8C22C3A892007C3B8C /* Frameworks */,
				37417F8D22C3A892007C3B8C /* Resources */,
			);
			buildRules = (
			);
			dependencies = (
				37417F9122C3A892007C3B8C /* PBXTargetDependency */,
			);
			name = imageUITests;
			productName = imageUITests;
			productReference = 37417F8F22C3A892007C3B8C /* imageUITests.xctest */;
			productType = "com.apple.product-type.bundle.ui-testing";
		};
/* End PBXNativeTarget section */

/* Begin PBXProject section */
		37417F6822C3A891007C3B8C /* Project object */ = {
			isa = PBXProject;
			attributes = {
				LastSwiftUpdateCheck = 1020;
				LastUpgradeCheck = 1020;
				ORGANIZATIONNAME = Nico;
				TargetAttributes = {
					37417F6F22C3A891007C3B8C = {
						CreatedOnToolsVersion = 10.2.1;
					};
					37417F8322C3A892007C3B8C = {
						CreatedOnToolsVersion = 10.2.1;
						TestTargetID = 37417F6F22C3A891007C3B8C;
					};
					37417F8E22C3A892007C3B8C = {
						CreatedOnToolsVersion = 10.2.1;
						TestTargetID = 37417F6F22C3A891007C3B8C;
					};
				};
			};
			buildConfigurationList = 37417F6B22C3A891007C3B8C /* Build configuration list for PBXProject "image" */;
			compatibilityVersion = "Xcode 9.3";
			developmentRegion = en;
			hasScannedForEncodings = 0;
			knownRegions = (
				en,
				Base,
			);
			mainGroup = 37417F6722C3A891007C3B8C;
			productRefGroup = 37417F7122C3A891007C3B8C /* Products */;
			projectDirPath = "";
			projectRoot = "";
			targets = (
				37417F6F22C3A891007C3B8C /* image */,
				37417F8322C3A892007C3B8C /* imageTests */,
				37417F8E22C3A892007C3B8C /* imageUITests */,
			);
		};
/* End PBXProject section */

/* Begin PBXResourcesBuildPhase section */
		37417F6E22C3A891007C3B8C /* Resources */ = {
			isa = PBXResourcesBuildPhase;
			buildActionMask = 2147483647;
			files = (
				37417F7E22C3A892007C3B8C /* LaunchScreen.storyboard in Resources */,
				37417F7B22C3A892007C3B8C /* Assets.xcassets in Resources */,
				37417F7922C3A891007C3B8C /* Main.storyboard in Resources */,
			);
			runOnlyForDeploymentPostprocessing = 0;
		};
		37417F8222C3A892007C3B8C /* Resources */ = {
			isa = PBXResourcesBuildPhase;
			buildActionMask = 2147483647;
			files = (
			);
			runOnlyForDeploymentPostprocessing = 0;
		};
		37417F8D22C3A892007C3B8C /* Resources */ = {
			isa = PBXResourcesBuildPhase;
			buildActionMask = 2147483647;
			files = (
			);
			runOnlyForDeploymentPostprocessing = 0;
		};
/* End PBXResourcesBuildPhase section */

/* Begin PBXSourcesBuildPhase section */
		37417F6C22C3A891007C3B8C /* Sources */ = {
			isa = PBXSourcesBuildPhase;
			buildActionMask = 2147483647;
			files = (
				37417F7622C3A891007C3B8C /* ViewController.swift in Sources */,
				37417F7422C3A891007C3B8C /* AppDelegate.swift in Sources */,
			);
			runOnlyForDeploymentPostprocessing = 0;
		};
		37417F8022C3A892007C3B8C /* Sources */ = {
			isa = PBXSourcesBuildPhase;
			buildActionMask = 2147483647;
			files = (
				37417F8922C3A892007C3B8C /* imageTests.swift in Sources */,
			);
			runOnlyForDeploymentPostprocessing = 0;
		};
		37417F8B22C3A892007C3B8C /* Sources */ = {
			isa = PBXSourcesBuildPhase;
			buildActionMask = 2147483647;
			files = (
				37417F9422C3A892007C3B8C /* imageUITests.swift in Sources */,
			);
			runOnlyForDeploymentPostprocessing = 0;
		};
/* End PBXSourcesBuildPhase section */

/* Begin PBXTargetDependency section */
		37417F8622C3A892007C3B8C /* PBXTargetDependency */ = {
			isa = PBXTargetDependency;
			target = 37417F6F22C3A891007C3B8C /* image */;
			targetProxy = 37417F8522C3A892007C3B8C /* PBXContainerItemProxy */;
		};
		37417F9122C3A892007C3B8C /* PBXTargetDependency */ = {
			isa = PBXTargetDependency;
			target = 37417F6F22C3A891007C3B8C /* image */;
			targetProxy = 37417F9022C3A892007C3B8C /* PBXContainerItemProxy */;
		};
/* End PBXTargetDependency section */

/* Begin PBXVariantGroup section */
		37417F7722C3A891007C3B8C /* Main.storyboard */ = {
			isa = PBXVariantGroup;
			children = (
				37417F7822C3A891007C3B8C /* Base */,
			);
			name = Main.storyboard;
			sourceTree = "<group>";
		};
		37417F7C22C3A892007C3B8C /* LaunchScreen.storyboard */ = {
			isa = PBXVariantGroup;
			children = (
				37417F7D22C3A892007C3B8C /* Base */,
			);
			name = LaunchScreen.storyboard;
			sourceTree = "<group>";
		};
/* End PBXVariantGroup section */

/* Begin XCBuildConfiguration section */
		37417F9622C3A892007C3B8C /* Debug */ = {
			isa = XCBuildConfiguration;
			buildSettings = {
				ALWAYS_SEARCH_USER_PATHS = NO;
				CLANG_ANALYZER_NONNULL = YES;
				CLANG_ANALYZER_NUMBER_OBJECT_CONVERSION = YES_AGGRESSIVE;
				CLANG_CXX_LANGUAGE_STANDARD = "gnu++14";
				CLANG_CXX_LIBRARY = "libc++";
				CLANG_ENABLE_MODULES = YES;
				CLANG_ENABLE_OBJC_ARC = YES;
				CLANG_ENABLE_OBJC_WEAK = YES;
				CLANG_WARN_BLOCK_CAPTURE_AUTORELEASING = YES;
				CLANG_WARN_BOOL_CONVERSION = YES;
				CLANG_WARN_COMMA = YES;
				CLANG_WARN_CONSTANT_CONVERSION = YES;
				CLANG_WARN_DEPRECATED_OBJC_IMPLEMENTATIONS = YES;
				CLANG_WARN_DIRECT_OBJC_ISA_USAGE = YES_ERROR;
				CLANG_WARN_DOCUMENTATION_COMMENTS = YES;
				CLANG_WARN_EMPTY_BODY = YES;
				CLANG_WARN_ENUM_CONVERSION = YES;
				CLANG_WARN_INFINITE_RECURSION = YES;
				CLANG_WARN_INT_CONVERSION = YES;
				CLANG_WARN_NON_LITERAL_NULL_CONVERSION = YES;
				CLANG_WARN_OBJC_IMPLICIT_RETAIN_SELF = YES;
				CLANG_WARN_OBJC_LITERAL_CONVERSION = YES;
				CLANG_WARN_OBJC_ROOT_CLASS = YES_ERROR;
				CLANG_WARN_RANGE_LOOP_ANALYSIS = YES;
				CLANG_WARN_STRICT_PROTOTYPES = YES;
				CLANG_WARN_SUSPICIOUS_MOVE = YES;
				CLANG_WARN_UNGUARDED_AVAILABILITY = YES_AGGRESSIVE;
				CLANG_WARN_UNREACHABLE_CODE = YES;
				CLANG_WARN__DUPLICATE_METHOD_MATCH = YES;
				CODE_SIGN_IDENTITY = "iPhone Developer";
				COPY_PHASE_STRIP = NO;
				DEBUG_INFORMATION_FORMAT = dwarf;
				ENABLE_STRICT_OBJC_MSGSEND = YES;
				ENABLE_TESTABILITY = YES;
				GCC_C_LANGUAGE_STANDARD = gnu11;
				GCC_DYNAMIC_NO_PIC = NO;
				GCC_NO_COMMON_BLOCKS = YES;
				GCC_OPTIMIZATION_LEVEL = 0;
				GCC_PREPROCESSOR_DEFINITIONS = (
					"DEBUG=1",
					"$(inherited)",
				);
				GCC_WARN_64_TO_32_BIT_CONVERSION = YES;
				GCC_WARN_ABOUT_RETURN_TYPE = YES_ERROR;
				GCC_WARN_UNDECLARED_SELECTOR = YES;
				GCC_WARN_UNINITIALIZED_AUTOS = YES_AGGRESSIVE;
				GCC_WARN_UNUSED_FUNCTION = YES;
				GCC_WARN_UNUSED_VARIABLE = YES;
				IPHONEOS_DEPLOYMENT_TARGET = 12.2;
				MTL_ENABLE_DEBUG_INFO = INCLUDE_SOURCE;
				MTL_FAST_MATH = YES;
				ONLY_ACTIVE_ARCH = YES;
				SDKROOT = iphoneos;
				SWIFT_ACTIVE_COMPILATION_CONDITIONS = DEBUG;
				SWIFT_OPTIMIZATION_LEVEL = "-Onone";
			};
			name = Debug;
		};
		37417F9722C3A892007C3B8C /* Release */ = {
			isa = XCBuildConfiguration;
			buildSettings = {
				ALWAYS_SEARCH_USER_PATHS = NO;
				CLANG_ANALYZER_NONNULL = YES;
				CLANG_ANALYZER_NUMBER_OBJECT_CONVERSION = YES_AGGRESSIVE;
				CLANG_CXX_LANGUAGE_STANDARD = "gnu++14";
				CLANG_CXX_LIBRARY = "libc++";
				CLANG_ENABLE_MODULES = YES;
				CLANG_ENABLE_OBJC_ARC = YES;
				CLANG_ENABLE_OBJC_WEAK = YES;
				CLANG_WARN_BLOCK_CAPTURE_AUTORELEASING = YES;
				CLANG_WARN_BOOL_CONVERSION = YES;
				CLANG_WARN_COMMA = YES;
				CLANG_WARN_CONSTANT_CONVERSION = YES;
				CLANG_WARN_DEPRECATED_OBJC_IMPLEMENTATIONS = YES;
				CLANG_WARN_DIRECT_OBJC_ISA_USAGE = YES_ERROR;
				CLANG_WARN_DOCUMENTATION_COMMENTS = YES;
				CLANG_WARN_EMPTY_BODY = YES;
				CLANG_WARN_ENUM_CONVERSION = YES;
				CLANG_WARN_INFINITE_RECURSION = YES;
				CLANG_WARN_INT_CONVERSION = YES;
				CLANG_WARN_NON_LITERAL_NULL_CONVERSION = YES;
				CLANG_WARN_OBJC_IMPLICIT_RETAIN_SELF = YES;
				CLANG_WARN_OBJC_LITERAL_CONVERSION = YES;
				CLANG_WARN_OBJC_ROOT_CLASS = YES_ERROR;
				CLANG_WARN_RANGE_LOOP_ANALYSIS = YES;
				CLANG_WARN_STRICT_PROTOTYPES = YES;
				CLANG_WARN_SUSPICIOUS_MOVE = YES;
				CLANG_WARN_UNGUARDED_AVAILABILITY = YES_AGGRESSIVE;
				CLANG_WARN_UNREACHABLE_CODE = YES;
				CLANG_WARN__DUPLICATE_METHOD_MATCH = YES;
				CODE_SIGN_IDENTITY = "iPhone Developer";
				COPY_PHASE_STRIP = NO;
				DEBUG_INFORMATION_FORMAT = "dwarf-with-dsym";
				ENABLE_NS_ASSERTIONS = NO;
				ENABLE_STRICT_OBJC_MSGSEND = YES;
				GCC_C_LANGUAGE_STANDARD = gnu11;
				GCC_NO_COMMON_BLOCKS = YES;
				GCC_WARN_64_TO_32_BIT_CONVERSION = YES;
				GCC_WARN_ABOUT_RETURN_TYPE = YES_ERROR;
				GCC_WARN_UNDECLARED_SELECTOR = YES;
				GCC_WARN_UNINITIALIZED_AUTOS = YES_AGGRESSIVE;
				GCC_WARN_UNUSED_FUNCTION = YES;
				GCC_WARN_UNUSED_VARIABLE = YES;
				IPHONEOS_DEPLOYMENT_TARGET = 12.2;
				MTL_ENABLE_DEBUG_INFO = NO;
				MTL_FAST_MATH = YES;
				SDKROOT = iphoneos;
				SWIFT_COMPILATION_MODE = wholemodule;
				SWIFT_OPTIMIZATION_LEVEL = "-O";
				VALIDATE_PRODUCT = YES;
			};
			name = Release;
		};
		37417F9922C3A892007C3B8C /* Debug */ = {
			isa = XCBuildConfiguration;
			buildSettings = {
				ASSETCATALOG_COMPILER_APPICON_NAME = AppIcon;
				CODE_SIGN_STYLE = Automatic;
				INFOPLIST_FILE = image/Info.plist;
				LD_RUNPATH_SEARCH_PATHS = (
					"$(inherited)",
					"@executable_path/Frameworks",
				);
				PRODUCT_BUNDLE_IDENTIFIER = com.ares.imageApp.image;
				PRODUCT_NAME = "$(TARGET_NAME)";
				SWIFT_VERSION = 5.0;
				TARGETED_DEVICE_FAMILY = "1,2";
			};
			name = Debug;
		};
		37417F9A22C3A892007C3B8C /* Release */ = {
			isa = XCBuildConfiguration;
			buildSettings = {
				ASSETCATALOG_COMPILER_APPICON_NAME = AppIcon;
				CODE_SIGN_STYLE = Automatic;
				INFOPLIST_FILE = image/Info.plist;
				LD_RUNPATH_SEARCH_PATHS = (
					"$(inherited)",
					"@executable_path/Frameworks",
				);
				PRODUCT_BUNDLE_IDENTIFIER = com.ares.imageApp.image;
				PRODUCT_NAME = "$(TARGET_NAME)";
				SWIFT_VERSION = 5.0;
				TARGETED_DEVICE_FAMILY = "1,2";
			};
			name = Release;
		};
		37417F9C22C3A892007C3B8C /* Debug */ = {
			isa = XCBuildConfiguration;
			buildSettings = {
				ALWAYS_EMBED_SWIFT_STANDARD_LIBRARIES = YES;
				BUNDLE_LOADER = "$(TEST_HOST)";
				CODE_SIGN_STYLE = Automatic;
				INFOPLIST_FILE = imageTests/Info.plist;
				LD_RUNPATH_SEARCH_PATHS = (
					"$(inherited)",
					"@executable_path/Frameworks",
					"@loader_path/Frameworks",
				);
				PRODUCT_BUNDLE_IDENTIFIER = com.ares.imageApp.imageTests;
				PRODUCT_NAME = "$(TARGET_NAME)";
				SWIFT_VERSION = 5.0;
				TARGETED_DEVICE_FAMILY = "1,2";
				TEST_HOST = "$(BUILT_PRODUCTS_DIR)/image.app/image";
			};
			name = Debug;
		};
		37417F9D22C3A892007C3B8C /* Release */ = {
			isa = XCBuildConfiguration;
			buildSettings = {
				ALWAYS_EMBED_SWIFT_STANDARD_LIBRARIES = YES;
				BUNDLE_LOADER = "$(TEST_HOST)";
				CODE_SIGN_STYLE = Automatic;
				INFOPLIST_FILE = imageTests/Info.plist;
				LD_RUNPATH_SEARCH_PATHS = (
					"$(inherited)",
					"@executable_path/Frameworks",
					"@loader_path/Frameworks",
				);
				PRODUCT_BUNDLE_IDENTIFIER = com.ares.imageApp.imageTests;
				PRODUCT_NAME = "$(TARGET_NAME)";
				SWIFT_VERSION = 5.0;
				TARGETED_DEVICE_FAMILY = "1,2";
				TEST_HOST = "$(BUILT_PRODUCTS_DIR)/image.app/image";
			};
			name = Release;
		};
		37417F9F22C3A892007C3B8C /* Debug */ = {
			isa = XCBuildConfiguration;
			buildSettings = {
				ALWAYS_EMBED_SWIFT_STANDARD_LIBRARIES = YES;
				CODE_SIGN_STYLE = Automatic;
				INFOPLIST_FILE = imageUITests/Info.plist;
				LD_RUNPATH_SEARCH_PATHS = (
					"$(inherited)",
					"@executable_path/Frameworks",
					"@loader_path/Frameworks",
				);
				PRODUCT_BUNDLE_IDENTIFIER = com.ares.imageApp.imageUITests;
				PRODUCT_NAME = "$(TARGET_NAME)";
				SWIFT_VERSION = 5.0;
				TARGETED_DEVICE_FAMILY = "1,2";
				TEST_TARGET_NAME = image;
			};
			name = Debug;
		};
		37417FA022C3A892007C3B8C /* Release */ = {
			isa = XCBuildConfiguration;
			buildSettings = {
				ALWAYS_EMBED_SWIFT_STANDARD_LIBRARIES = YES;
				CODE_SIGN_STYLE = Automatic;
				INFOPLIST_FILE = imageUITests/Info.plist;
				LD_RUNPATH_SEARCH_PATHS = (
					"$(inherited)",
					"@executable_path/Frameworks",
					"@loader_path/Frameworks",
				);
				PRODUCT_BUNDLE_IDENTIFIER = com.ares.imageApp.imageUITests;
				PRODUCT_NAME = "$(TARGET_NAME)";
				SWIFT_VERSION = 5.0;
				TARGETED_DEVICE_FAMILY = "1,2";
				TEST_TARGET_NAME = image;
			};
			name = Release;
		};
/* End XCBuildConfiguration section */

/* Begin XCConfigurationList section */
		37417F6B22C3A891007C3B8C /* Build configuration list for PBXProject "image" */ = {
			isa = XCConfigurationList;
			buildConfigurations = (
				37417F9622C3A892007C3B8C /* Debug */,
				37417F9722C3A892007C3B8C /* Release */,
			);
			defaultConfigurationIsVisible = 0;
			defaultConfigurationName = Release;
		};
		37417F9822C3A892007C3B8C /* Build configuration list for PBXNativeTarget "image" */ = {
			isa = XCConfigurationList;
			buildConfigurations = (
				37417F9922C3A892007C3B8C /* Debug */,
				37417F9A22C3A892007C3B8C /* Release */,
			);
			defaultConfigurationIsVisible = 0;
			defaultConfigurationName = Release;
		};
		37417F9B22C3A892007C3B8C /* Build configuration list for PBXNativeTarget "imageTests" */ = {
			isa = XCConfigurationList;
			buildConfigurations = (
				37417F9C22C3A892007C3B8C /* Debug */,
				37417F9D22C3A892007C3B8C /* Release */,
			);
			defaultConfigurationIsVisible = 0;
			defaultConfigurationName = Release;
		};
		37417F9E22C3A892007C3B8C /* Build configuration list for PBXNativeTarget "imageUITests" */ = {
			isa = XCConfigurationList;
			buildConfigurations = (
				37417F9F22C3A892007C3B8C /* Debug */,
				37417FA022C3A892007C3B8C /* Release */,
			);
			defaultConfigurationIsVisible = 0;
			defaultConfigurationName = Release;
		};
/* End XCConfigurationList section */
	};
	rootObject = 37417F6822C3A891007C3B8C /* Project object */;
}
